
Microsoft Visual Studio Solution File, Format Version 12.00
# Visual Studio Version 16
VisualStudioVersion = 16.0.29613.14
MinimumVisualStudioVersion = 10.0.40219.1
Project("{FAE04EC0-301F-11D3-BF4B-00C04F79EFBC}") = "MobilMS", "MobilMS\MobilMS.csproj", "{67BEE3F5-4AD6-43E1-97D9-9531674B82CA}"
EndProject
Global
	GlobalSection(SolutionConfigurationPlatforms) = preSolution
		Debug|Any CPU = Debug|Any CPU
		Release|Any CPU = Release|Any CPU
	EndGlobalSection
	GlobalSection(ProjectConfigurationPlatforms) = postSolution
		{67BEE3F5-4AD6-43E1-97D9-9531674B82CA}.Debug|Any CPU.ActiveCfg = Debug|Any CPU
		{67BEE3F5-4AD6-43E1-97D9-9531674B82CA}.Debug|Any CPU.Build.0 = Debug|Any CPU
		{67BEE3F5-4AD6-43E1-97D9-9531674B82CA}.Release|Any CPU.ActiveCfg = Release|Any CPU
		{67BEE3F5-4AD6-43E1-97D9-9531674B82CA}.Release|Any CPU.Build.0 = Release|Any CPU
	EndGlobalSection
	GlobalSection(SolutionProperties) = preSolution
		HideSolutionNode = FALSE
	EndGlobalSection
	GlobalSection(ExtensibilityGlobals) = postSolution
		SolutionGuid = {7126444B-7EFA-4A68-A096-C40F199DF05F}
	EndGlobalSection
EndGlobal
